
Microsoft Visual Studio Solution File, Format Version 12.00
# Visual Studio Version 17
VisualStudioVersion = 17.8.34511.84
MinimumVisualStudioVersion = 10.0.40219.1
Project("{FAE04EC0-301F-11D3-BF4B-00C04F79EFBC}") = "HotelListingAPI", "HotelListingAPI\HotelListingAPI.csproj", "{C271323A-50E3-4A6D-9A65-ABADA84DB40E}"
EndProject
Global
	GlobalSection(SolutionConfigurationPlatforms) = preSolution
		Debug|Any CPU = Debug|Any CPU
		Release|Any CPU = Release|Any CPU
	EndGlobalSection
	GlobalSection(ProjectConfigurationPlatforms) = postSolution
		{C271323A-50E3-4A6D-9A65-ABADA84DB40E}.Debug|Any CPU.ActiveCfg = Debug|Any CPU
		{C271323A-50E3-4A6D-9A65-ABADA84DB40E}.Debug|Any CPU.Build.0 = Debug|Any CPU
		{C271323A-50E3-4A6D-9A65-ABADA84DB40E}.Release|Any CPU.ActiveCfg = Release|Any CPU
		{C271323A-50E3-4A6D-9A65-ABADA84DB40E}.Release|Any CPU.Build.0 = Release|Any CPU
	EndGlobalSection
	GlobalSection(SolutionProperties) = preSolution
		HideSolutionNode = FALSE
	EndGlobalSection
	GlobalSection(ExtensibilityGlobals) = postSolution
		SolutionGuid = {4DA1D450-35E3-4A63-9D87-CEC402BBD7FC}
	EndGlobalSection
EndGlobal
